<?xml version="1.0" encoding="UTF-8" standalone="yes" ?>
<CodeBlocks_project_file>
	<FileVersion major="1" minor="6" />
	<Project>
		<Option title="MP-POO 2023" />
		<Option pch_mode="2" />
		<Option compiler="gcc" />
		<Build>
			<Target title="Debug">
				<Option output="bin/Debug/MP-POO 2023" prefix_auto="1" extension_auto="1" />
				<Option object_output="obj/Debug/" />
				<Option type="1" />
				<Option compiler="gcc" />
				<Compiler>
					<Add option="-g" />
				</Compiler>
			</Target>
			<Target title="Release">
				<Option output="bin/Release/MP-POO 2023" prefix_auto="1" extension_auto="1" />
				<Option object_output="obj/Release/" />
				<Option type="1" />
				<Option compiler="gcc" />
				<Compiler>
					<Add option="-O2" />
				</Compiler>
				<Linker>
					<Add option="-s" />
				</Linker>
			</Target>
		</Build>
		<Compiler>
			<Add option="-Wall" />
			<Add option="-fexceptions" />
		</Compiler>
		<Unit filename="bourse.cpp" />
		<Unit filename="bourse.h" />
		<Unit filename="boursemultimap.h" />
		<Unit filename="bourseset.cpp" />
		<Unit filename="bourseset.h" />
		<Unit filename="boursevecteur.h" />
		<Unit filename="bousemultimap.cpp" />
		<Unit filename="date.cpp" />
		<Unit filename="date.h" />
		<Unit filename="main 2.cpp" />
		<Unit filename="main.cpp" />
		<Unit filename="persistanceprixjournalier.cpp" />
		<Unit filename="persistanceprixjournalier.h" />
		<Unit filename="portefeuille.cpp" />
		<Unit filename="portefeuille.h" />
		<Unit filename="prixjournalier.cpp" />
		<Unit filename="prixjournalier.h" />
		<Unit filename="simulation.cpp" />
		<Unit filename="simulation.h" />
		<Unit filename="trader.cpp" />
		<Unit filename="trader.h" />
		<Unit filename="traderaleatoire.cpp" />
		<Unit filename="traderaleatoire.h" />
		<Unit filename="traderalgorithmique.cpp" />
		<Unit filename="traderalgorithmique.h" />
		<Unit filename="transaction.cpp" />
		<Unit filename="transaction.h" />
		<Extensions>
			<lib_finder disable_auto="1" />
		</Extensions>
	</Project>
</CodeBlocks_project_file>
